// !$*UTF8*$!
{
	archiveVersion = 1;
	classes = {
	};
	objectVersion = 46;
	objects = {

/* Begin PBXBuildFile section */
		651D14C31C8B2D5A0069F1F8 /* AppDelegate.swift in Sources */ = {isa = PBXBuildFile; fileRef = 651D14C21C8B2D5A0069F1F8 /* AppDelegate.swift */; };
		651D14C51C8B2D5A0069F1F8 /* ViewController.swift in Sources */ = {isa = PBXBuildFile; fileRef = 651D14C41C8B2D5A0069F1F8 /* ViewController.swift */; };
		651D14C81C8B2D5A0069F1F8 /* Main.storyboard in Resources */ = {isa = PBXBuildFile; fileRef = 651D14C61C8B2D5A0069F1F8 /* Main.storyboard */; };
		651D14CA1C8B2D5A0069F1F8 /* Assets.xcassets in Resources */ = {isa = PBXBuildFile; fileRef = 651D14C91C8B2D5A0069F1F8 /* Assets.xcassets */; };
		651D14CD1C8B2D5A0069F1F8 /* LaunchScreen.storyboard in Resources */ = {isa = PBXBuildFile; fileRef = 651D14CB1C8B2D5A0069F1F8 /* LaunchScreen.storyboard */; };
		651D14D81C8B2D5A0069F1F8 /* DemoTests.swift in Sources */ = {isa = PBXBuildFile; fileRef = 651D14D71C8B2D5A0069F1F8 /* DemoTests.swift */; };
		651D14E31C8B2D5A0069F1F8 /* DemoUITests.swift in Sources */ = {isa = PBXBuildFile; fileRef = 651D14E21C8B2D5A0069F1F8 /* DemoUITests.swift */; };
		6ABDF1B04D335C04B848B45B /* Pods_DemoUITests.framework in Frameworks */ = {isa = PBXBuildFile; fileRef = 171591009CFDC4CD57E7FBC9 /* Pods_DemoUITests.framework */; };
		76C1F1296AFC098C941B18F3 /* Pods_Demo.framework in Frameworks */ = {isa = PBXBuildFile; fileRef = 5D6B5E46D203BDC010B2F29D /* Pods_Demo.framework */; };
		B811613BF4E3B66E8E0E256E /* Pods_DemoTests.framework in Frameworks */ = {isa = PBXBuildFile; fileRef = 97BB932C5D0369902950D582 /* Pods_DemoTests.framework */; };
/* End PBXBuildFile section */

/* Begin PBXContainerItemProxy section */
		651D14D41C8B2D5A0069F1F8 /* PBXContainerItemProxy */ = {
			isa = PBXContainerItemProxy;
			containerPortal = 651D14B71C8B2D5A0069F1F8 /* Project object */;
			proxyType = 1;
			remoteGlobalIDString = 651D14BE1C8B2D5A0069F1F8;
			remoteInfo = Demo;
		};
		651D14DF1C8B2D5A0069F1F8 /* PBXContainerItemProxy */ = {
			isa = PBXContainerItemProxy;
			containerPortal = 651D14B71C8B2D5A0069F1F8 /* Project object */;
			proxyType = 1;
			remoteGlobalIDString = 651D14BE1C8B2D5A0069F1F8;
			remoteInfo = Demo;
		};
/* End PBXContainerItemProxy section */

/* Begin PBXFileReference section */
		01EFE441231C200E2F411327 /* Pods-Demo.release.xcconfig */ = {isa = PBXFileReference; includeInIndex = 1; lastKnownFileType = text.xcconfig; name = "Pods-Demo.release.xcconfig"; path = "Pods/Target Support Files/Pods-Demo/Pods-Demo.release.xcconfig"; sourceTree = "<group>"; };
		0F31BA8A2CFC2F7EB36E0D9A /* Pods-DemoTests.debug.xcconfig */ = {isa = PBXFileReference; includeInIndex = 1; lastKnownFileType = text.xcconfig; name = "Pods-DemoTests.debug.xcconfig"; path = "Pods/Target Support Files/Pods-DemoTests/Pods-DemoTests.debug.xcconfig"; sourceTree = "<group>"; };
		171591009CFDC4CD57E7FBC9 /* Pods_DemoUITests.framework */ = {isa = PBXFileReference; explicitFileType = wrapper.framework; includeInIndex = 0; path = Pods_DemoUITests.framework; sourceTree = BUILT_PRODUCTS_DIR; };
		38639498761859C38981F549 /* Pods-DemoUITests.release.xcconfig */ = {isa = PBXFileReference; includeInIndex = 1; lastKnownFileType = text.xcconfig; name = "Pods-DemoUITests.release.xcconfig"; path = "Pods/Target Support Files/Pods-DemoUITests/Pods-DemoUITests.release.xcconfig"; sourceTree = "<group>"; };
		5D6B5E46D203BDC010B2F29D /* Pods_Demo.framework */ = {isa = PBXFileReference; explicitFileType = wrapper.framework; includeInIndex = 0; path = Pods_Demo.framework; sourceTree = BUILT_PRODUCTS_DIR; };
		651D14BF1C8B2D5A0069F1F8 /* SubtleVolume.app */ = {isa = PBXFileReference; explicitFileType = wrapper.application; includeInIndex = 0; path = SubtleVolume.app; sourceTree = BUILT_PRODUCTS_DIR; };
		651D14C21C8B2D5A0069F1F8 /* AppDelegate.swift */ = {isa = PBXFileReference; lastKnownFileType = sourcecode.swift; path = AppDelegate.swift; sourceTree = "<group>"; };
		651D14C41C8B2D5A0069F1F8 /* ViewController.swift */ = {isa = PBXFileReference; lastKnownFileType = sourcecode.swift; path = ViewController.swift; sourceTree = "<group>"; };
		651D14C71C8B2D5A0069F1F8 /* Base */ = {isa = PBXFileReference; lastKnownFileType = file.storyboard; name = Base; path = Base.lproj/Main.storyboard; sourceTree = "<group>"; };
		651D14C91C8B2D5A0069F1F8 /* Assets.xcassets */ = {isa = PBXFileReference; lastKnownFileType = folder.assetcatalog; path = Assets.xcassets; sourceTree = "<group>"; };
		651D14CC1C8B2D5A0069F1F8 /* Base */ = {isa = PBXFileReference; lastKnownFileType = file.storyboard; name = Base; path = Base.lproj/LaunchScreen.storyboard; sourceTree = "<group>"; };
		651D14CE1C8B2D5A0069F1F8 /* Info.plist */ = {isa = PBXFileReference; lastKnownFileType = text.plist.xml; path = Info.plist; sourceTree = "<group>"; };
		651D14D31C8B2D5A0069F1F8 /* DemoTests.xctest */ = {isa = PBXFileReference; explicitFileType = wrapper.cfbundle; includeInIndex = 0; path = DemoTests.xctest; sourceTree = BUILT_PRODUCTS_DIR; };
		651D14D71C8B2D5A0069F1F8 /* DemoTests.swift */ = {isa = PBXFileReference; lastKnownFileType = sourcecode.swift; path = DemoTests.swift; sourceTree = "<group>"; };
		651D14D91C8B2D5A0069F1F8 /* Info.plist */ = {isa = PBXFileReference; lastKnownFileType = text.plist.xml; path = Info.plist; sourceTree = "<group>"; };
		651D14DE1C8B2D5A0069F1F8 /* DemoUITests.xctest */ = {isa = PBXFileReference; explicitFileType = wrapper.cfbundle; includeInIndex = 0; path = DemoUITests.xctest; sourceTree = BUILT_PRODUCTS_DIR; };
		651D14E21C8B2D5A0069F1F8 /* DemoUITests.swift */ = {isa = PBXFileReference; lastKnownFileType = sourcecode.swift; path = DemoUITests.swift; sourceTree = "<group>"; };
		651D14E41C8B2D5A0069F1F8 /* Info.plist */ = {isa = PBXFileReference; lastKnownFileType = text.plist.xml; path = Info.plist; sourceTree = "<group>"; };
		9773A999DEF09843719C4C50 /* Pods-DemoTests.release.xcconfig */ = {isa = PBXFileReference; includeInIndex = 1; lastKnownFileType = text.xcconfig; name = "Pods-DemoTests.release.xcconfig"; path = "Pods/Target Support Files/Pods-DemoTests/Pods-DemoTests.release.xcconfig"; sourceTree = "<group>"; };
		97BB932C5D0369902950D582 /* Pods_DemoTests.framework */ = {isa = PBXFileReference; explicitFileType = wrapper.framework; includeInIndex = 0; path = Pods_DemoTests.framework; sourceTree = BUILT_PRODUCTS_DIR; };
		A003C72FE70DB155A57B135C /* Pods-Demo.debug.xcconfig */ = {isa = PBXFileReference; includeInIndex = 1; lastKnownFileType = text.xcconfig; name = "Pods-Demo.debug.xcconfig"; path = "Pods/Target Support Files/Pods-Demo/Pods-Demo.debug.xcconfig"; sourceTree = "<group>"; };
		A48D212430647B98DB9139C2 /* Pods-DemoUITests.debug.xcconfig */ = {isa = PBXFileReference; includeInIndex = 1; lastKnownFileType = text.xcconfig; name = "Pods-DemoUITests.debug.xcconfig"; path = "Pods/Target Support Files/Pods-DemoUITests/Pods-DemoUITests.debug.xcconfig"; sourceTree = "<group>"; };
/* End PBXFileReference section */

/* Begin PBXFrameworksBuildPhase section */
		651D14BC1C8B2D5A0069F1F8 /* Frameworks */ = {
			isa = PBXFrameworksBuildPhase;
			buildActionMask = 2147483647;
			files = (
				76C1F1296AFC098C941B18F3 /* Pods_Demo.framework in Frameworks */,
			);
			runOnlyForDeploymentPostprocessing = 0;
		};
		651D14D01C8B2D5A0069F1F8 /* Frameworks */ = {
			isa = PBXFrameworksBuildPhase;
			buildActionMask = 2147483647;
			files = (
				B811613BF4E3B66E8E0E256E /* Pods_DemoTests.framework in Frameworks */,
			);
			runOnlyForDeploymentPostprocessing = 0;
		};
		651D14DB1C8B2D5A0069F1F8 /* Frameworks */ = {
			isa = PBXFrameworksBuildPhase;
			buildActionMask = 2147483647;
			files = (
				6ABDF1B04D335C04B848B45B /* Pods_DemoUITests.framework in Frameworks */,
			);
			runOnlyForDeploymentPostprocessing = 0;
		};
/* End PBXFrameworksBuildPhase section */

/* Begin PBXGroup section */
		651D14B61C8B2D5A0069F1F8 = {
			isa = PBXGroup;
			children = (
				651D14C11C8B2D5A0069F1F8 /* Demo */,
				651D14D61C8B2D5A0069F1F8 /* DemoTests */,
				651D14E11C8B2D5A0069F1F8 /* DemoUITests */,
				651D14C01C8B2D5A0069F1F8 /* Products */,
				DC8A6B93E8D09E08C3A26DC9 /* Pods */,
				66B12B3F911F92E09AC82587 /* Frameworks */,
			);
			indentWidth = 2;
			sourceTree = "<group>";
			tabWidth = 2;
		};
		651D14C01C8B2D5A0069F1F8 /* Products */ = {
			isa = PBXGroup;
			children = (
				651D14BF1C8B2D5A0069F1F8 /* SubtleVolume.app */,
				651D14D31C8B2D5A0069F1F8 /* DemoTests.xctest */,
				651D14DE1C8B2D5A0069F1F8 /* DemoUITests.xctest */,
			);
			name = Products;
			sourceTree = "<group>";
		};
		651D14C11C8B2D5A0069F1F8 /* Demo */ = {
			isa = PBXGroup;
			children = (
				651D14C21C8B2D5A0069F1F8 /* AppDelegate.swift */,
				651D14C41C8B2D5A0069F1F8 /* ViewController.swift */,
				651D14C61C8B2D5A0069F1F8 /* Main.storyboard */,
				651D14C91C8B2D5A0069F1F8 /* Assets.xcassets */,
				651D14CB1C8B2D5A0069F1F8 /* LaunchScreen.storyboard */,
				651D14CE1C8B2D5A0069F1F8 /* Info.plist */,
			);
			path = Demo;
			sourceTree = "<group>";
		};
		651D14D61C8B2D5A0069F1F8 /* DemoTests */ = {
			isa = PBXGroup;
			children = (
				651D14D71C8B2D5A0069F1F8 /* DemoTests.swift */,
				651D14D91C8B2D5A0069F1F8 /* Info.plist */,
			);
			path = DemoTests;
			sourceTree = "<group>";
		};
		651D14E11C8B2D5A0069F1F8 /* DemoUITests */ = {
			isa = PBXGroup;
			children = (
				651D14E21C8B2D5A0069F1F8 /* DemoUITests.swift */,
				651D14E41C8B2D5A0069F1F8 /* Info.plist */,
			);
			path = DemoUITests;
			sourceTree = "<group>";
		};
		66B12B3F911F92E09AC82587 /* Frameworks */ = {
			isa = PBXGroup;
			children = (
				5D6B5E46D203BDC010B2F29D /* Pods_Demo.framework */,
				97BB932C5D0369902950D582 /* Pods_DemoTests.framework */,
				171591009CFDC4CD57E7FBC9 /* Pods_DemoUITests.framework */,
			);
			name = Frameworks;
			sourceTree = "<group>";
		};
		DC8A6B93E8D09E08C3A26DC9 /* Pods */ = {
			isa = PBXGroup;
			children = (
				A003C72FE70DB155A57B135C /* Pods-Demo.debug.xcconfig */,
				01EFE441231C200E2F411327 /* Pods-Demo.release.xcconfig */,
				0F31BA8A2CFC2F7EB36E0D9A /* Pods-DemoTests.debug.xcconfig */,
				9773A999DEF09843719C4C50 /* Pods-DemoTests.release.xcconfig */,
				A48D212430647B98DB9139C2 /* Pods-DemoUITests.debug.xcconfig */,
				38639498761859C38981F549 /* Pods-DemoUITests.release.xcconfig */,
			);
			name = Pods;
			sourceTree = "<group>";
		};
/* End PBXGroup section */

/* Begin PBXNativeTarget section */
		651D14BE1C8B2D5A0069F1F8 /* Demo */ = {
			isa = PBXNativeTarget;
			buildConfigurationList = 651D14E71C8B2D5A0069F1F8 /* Build configuration list for PBXNativeTarget "Demo" */;
			buildPhases = (
				7B7D91373E58A1637260239D /* [CP] Check Pods Manifest.lock */,
				651D14BB1C8B2D5A0069F1F8 /* Sources */,
				651D14BC1C8B2D5A0069F1F8 /* Frameworks */,
				651D14BD1C8B2D5A0069F1F8 /* Resources */,
				AFEF31346E93DD8D1CFD292B /* [CP] Embed Pods Frameworks */,
				781C9489461E62FDB7ADA93E /* [CP] Copy Pods Resources */,
			);
			buildRules = (
			);
			dependencies = (
			);
			name = Demo;
			productName = Demo;
			productReference = 651D14BF1C8B2D5A0069F1F8 /* SubtleVolume.app */;
			productType = "com.apple.product-type.application";
		};
		651D14D21C8B2D5A0069F1F8 /* DemoTests */ = {
			isa = PBXNativeTarget;
			buildConfigurationList = 651D14EA1C8B2D5A0069F1F8 /* Build configuration list for PBXNativeTarget "DemoTests" */;
			buildPhases = (
				3482C954828656C814F056E5 /* [CP] Check Pods Manifest.lock */,
				651D14CF1C8B2D5A0069F1F8 /* Sources */,
				651D14D01C8B2D5A0069F1F8 /* Frameworks */,
				651D14D11C8B2D5A0069F1F8 /* Resources */,
				C1DEA5C73B0B5B0DC3DC495D /* [CP] Embed Pods Frameworks */,
				A644920599A9B90113222A4D /* [CP] Copy Pods Resources */,
			);
			buildRules = (
			);
			dependencies = (
				651D14D51C8B2D5A0069F1F8 /* PBXTargetDependency */,
			);
			name = DemoTests;
			productName = DemoTests;
			productReference = 651D14D31C8B2D5A0069F1F8 /* DemoTests.xctest */;
			productType = "com.apple.product-type.bundle.unit-test";
		};
		651D14DD1C8B2D5A0069F1F8 /* DemoUITests */ = {
			isa = PBXNativeTarget;
			buildConfigurationList = 651D14ED1C8B2D5A0069F1F8 /* Build configuration list for PBXNativeTarget "DemoUITests" */;
			buildPhases = (
				1EFFCA737A12F78EA8733D87 /* [CP] Check Pods Manifest.lock */,
				651D14DA1C8B2D5A0069F1F8 /* Sources */,
				651D14DB1C8B2D5A0069F1F8 /* Frameworks */,
				651D14DC1C8B2D5A0069F1F8 /* Resources */,
				5D0A0F12987CCF70DBAF98AA /* [CP] Embed Pods Frameworks */,
				13F31CE39D01AD7F8E847086 /* [CP] Copy Pods Resources */,
			);
			buildRules = (
			);
			dependencies = (
				651D14E01C8B2D5A0069F1F8 /* PBXTargetDependency */,
			);
			name = DemoUITests;
			productName = DemoUITests;
			productReference = 651D14DE1C8B2D5A0069F1F8 /* DemoUITests.xctest */;
			productType = "com.apple.product-type.bundle.ui-testing";
		};
/* End PBXNativeTarget section */

/* Begin PBXProject section */
		651D14B71C8B2D5A0069F1F8 /* Project object */ = {
			isa = PBXProject;
			attributes = {
				LastSwiftUpdateCheck = 0720;
				LastUpgradeCheck = 0920;
				ORGANIZATIONNAME = "Fancy Pixel";
				TargetAttributes = {
					651D14BE1C8B2D5A0069F1F8 = {
						CreatedOnToolsVersion = 7.2.1;
						DevelopmentTeam = H72GR44F4M;
						LastSwiftMigration = 0920;
						ProvisioningStyle = Manual;
					};
					651D14D21C8B2D5A0069F1F8 = {
						CreatedOnToolsVersion = 7.2.1;
						LastSwiftMigration = 0920;
						TestTargetID = 651D14BE1C8B2D5A0069F1F8;
					};
					651D14DD1C8B2D5A0069F1F8 = {
						CreatedOnToolsVersion = 7.2.1;
						LastSwiftMigration = 0920;
						TestTargetID = 651D14BE1C8B2D5A0069F1F8;
					};
				};
			};
			buildConfigurationList = 651D14BA1C8B2D5A0069F1F8 /* Build configuration list for PBXProject "Demo" */;
			compatibilityVersion = "Xcode 3.2";
			developmentRegion = English;
			hasScannedForEncodings = 0;
			knownRegions = (
				en,
				Base,
			);
			mainGroup = 651D14B61C8B2D5A0069F1F8;
			productRefGroup = 651D14C01C8B2D5A0069F1F8 /* Products */;
			projectDirPath = "";
			projectRoot = "";
			targets = (
				651D14BE1C8B2D5A0069F1F8 /* Demo */,
				651D14D21C8B2D5A0069F1F8 /* DemoTests */,
				651D14DD1C8B2D5A0069F1F8 /* DemoUITests */,
			);
		};
/* End PBXProject section */

/* Begin PBXResourcesBuildPhase section */
		651D14BD1C8B2D5A0069F1F8 /* Resources */ = {
			isa = PBXResourcesBuildPhase;
			buildActionMask = 2147483647;
			files = (
				651D14CD1C8B2D5A0069F1F8 /* LaunchScreen.storyboard in Resources */,
				651D14CA1C8B2D5A0069F1F8 /* Assets.xcassets in Resources */,
				651D14C81C8B2D5A0069F1F8 /* Main.storyboard in Resources */,
			);
			runOnlyForDeploymentPostprocessing = 0;
		};
		651D14D11C8B2D5A0069F1F8 /* Resources */ = {
			isa = PBXResourcesBuildPhase;
			buildActionMask = 2147483647;
			files = (
			);
			runOnlyForDeploymentPostprocessing = 0;
		};
		651D14DC1C8B2D5A0069F1F8 /* Resources */ = {
			isa = PBXResourcesBuildPhase;
			buildActionMask = 2147483647;
			files = (
			);
			runOnlyForDeploymentPostprocessing = 0;
		};
/* End PBXResourcesBuildPhase section */

/* Begin PBXShellScriptBuildPhase section */
		13F31CE39D01AD7F8E847086 /* [CP] Copy Pods Resources */ = {
			isa = PBXShellScriptBuildPhase;
			buildActionMask = 2147483647;
			files = (
			);
			inputPaths = (
			);
			name = "[CP] Copy Pods Resources";
			outputPaths = (
			);
			runOnlyForDeploymentPostprocessing = 0;
			shellPath = /bin/sh;
			shellScript = "\"${SRCROOT}/Pods/Target Support Files/Pods-DemoUITests/Pods-DemoUITests-resources.sh\"\n";
			showEnvVarsInLog = 0;
		};
		1EFFCA737A12F78EA8733D87 /* [CP] Check Pods Manifest.lock */ = {
			isa = PBXShellScriptBuildPhase;
			buildActionMask = 2147483647;
			files = (
			);
			inputPaths = (
				"${PODS_PODFILE_DIR_PATH}/Podfile.lock",
				"${PODS_ROOT}/Manifest.lock",
			);
			name = "[CP] Check Pods Manifest.lock";
			outputPaths = (
				"$(DERIVED_FILE_DIR)/Pods-DemoUITests-checkManifestLockResult.txt",
			);
			runOnlyForDeploymentPostprocessing = 0;
			shellPath = /bin/sh;
			shellScript = "diff \"${PODS_PODFILE_DIR_PATH}/Podfile.lock\" \"${PODS_ROOT}/Manifest.lock\" > /dev/null\nif [ $? != 0 ] ; then\n    # print error to STDERR\n    echo \"error: The sandbox is not in sync with the Podfile.lock. Run 'pod install' or update your CocoaPods installation.\" >&2\n    exit 1\nfi\n# This output is used by Xcode 'outputs' to avoid re-running this script phase.\necho \"SUCCESS\" > \"${SCRIPT_OUTPUT_FILE_0}\"\n";
			showEnvVarsInLog = 0;
		};
		3482C954828656C814F056E5 /* [CP] Check Pods Manifest.lock */ = {
			isa = PBXShellScriptBuildPhase;
			buildActionMask = 2147483647;
			files = (
			);
			inputPaths = (
				"${PODS_PODFILE_DIR_PATH}/Podfile.lock",
				"${PODS_ROOT}/Manifest.lock",
			);
			name = "[CP] Check Pods Manifest.lock";
			outputPaths = (
				"$(DERIVED_FILE_DIR)/Pods-DemoTests-checkManifestLockResult.txt",
			);
			runOnlyForDeploymentPostprocessing = 0;
			shellPath = /bin/sh;
			shellScript = "diff \"${PODS_PODFILE_DIR_PATH}/Podfile.lock\" \"${PODS_ROOT}/Manifest.lock\" > /dev/null\nif [ $? != 0 ] ; then\n    # print error to STDERR\n    echo \"error: The sandbox is not in sync with the Podfile.lock. Run 'pod install' or update your CocoaPods installation.\" >&2\n    exit 1\nfi\n# This output is used by Xcode 'outputs' to avoid re-running this script phase.\necho \"SUCCESS\" > \"${SCRIPT_OUTPUT_FILE_0}\"\n";
			showEnvVarsInLog = 0;
		};
		5D0A0F12987CCF70DBAF98AA /* [CP] Embed Pods Frameworks */ = {
			isa = PBXShellScriptBuildPhase;
			buildActionMask = 2147483647;
			files = (
			);
			inputPaths = (
			);
			name = "[CP] Embed Pods Frameworks";
			outputPaths = (
			);
			runOnlyForDeploymentPostprocessing = 0;
			shellPath = /bin/sh;
			shellScript = "\"${SRCROOT}/Pods/Target Support Files/Pods-DemoUITests/Pods-DemoUITests-frameworks.sh\"\n";
			showEnvVarsInLog = 0;
		};
		781C9489461E62FDB7ADA93E /* [CP] Copy Pods Resources */ = {
			isa = PBXShellScriptBuildPhase;
			buildActionMask = 2147483647;
			files = (
			);
			inputPaths = (
			);
			name = "[CP] Copy Pods Resources";
			outputPaths = (
			);
			runOnlyForDeploymentPostprocessing = 0;
			shellPath = /bin/sh;
			shellScript = "\"${SRCROOT}/Pods/Target Support Files/Pods-Demo/Pods-Demo-resources.sh\"\n";
			showEnvVarsInLog = 0;
		};
		7B7D91373E58A1637260239D /* [CP] Check Pods Manifest.lock */ = {
			isa = PBXShellScriptBuildPhase;
			buildActionMask = 2147483647;
			files = (
			);
			inputPaths = (
				"${PODS_PODFILE_DIR_PATH}/Podfile.lock",
				"${PODS_ROOT}/Manifest.lock",
			);
			name = "[CP] Check Pods Manifest.lock";
			outputPaths = (
				"$(DERIVED_FILE_DIR)/Pods-Demo-checkManifestLockResult.txt",
			);
			runOnlyForDeploymentPostprocessing = 0;
			shellPath = /bin/sh;
			shellScript = "diff \"${PODS_PODFILE_DIR_PATH}/Podfile.lock\" \"${PODS_ROOT}/Manifest.lock\" > /dev/null\nif [ $? != 0 ] ; then\n    # print error to STDERR\n    echo \"error: The sandbox is not in sync with the Podfile.lock. Run 'pod install' or update your CocoaPods installation.\" >&2\n    exit 1\nfi\n# This output is used by Xcode 'outputs' to avoid re-running this script phase.\necho \"SUCCESS\" > \"${SCRIPT_OUTPUT_FILE_0}\"\n";
			showEnvVarsInLog = 0;
		};
		A644920599A9B90113222A4D /* [CP] Copy Pods Resources */ = {
			isa = PBXShellScriptBuildPhase;
			buildActionMask = 2147483647;
			files = (
			);
			inputPaths = (
			);
			name = "[CP] Copy Pods Resources";
			outputPaths = (
			);
			runOnlyForDeploymentPostprocessing = 0;
			shellPath = /bin/sh;
			shellScript = "\"${SRCROOT}/Pods/Target Support Files/Pods-DemoTests/Pods-DemoTests-resources.sh\"\n";
			showEnvVarsInLog = 0;
		};
		AFEF31346E93DD8D1CFD292B /* [CP] Embed Pods Frameworks */ = {
			isa = PBXShellScriptBuildPhase;
			buildActionMask = 2147483647;
			files = (
			);
			inputPaths = (
				"${SRCROOT}/Pods/Target Support Files/Pods-Demo/Pods-Demo-frameworks.sh",
				"${BUILT_PRODUCTS_DIR}/SubtleVolume/SubtleVolume.framework",
			);
			name = "[CP] Embed Pods Frameworks";
			outputPaths = (
				"${TARGET_BUILD_DIR}/${FRAMEWORKS_FOLDER_PATH}/SubtleVolume.framework",
			);
			runOnlyForDeploymentPostprocessing = 0;
			shellPath = /bin/sh;
			shellScript = "\"${SRCROOT}/Pods/Target Support Files/Pods-Demo/Pods-Demo-frameworks.sh\"\n";
			showEnvVarsInLog = 0;
		};
		C1DEA5C73B0B5B0DC3DC495D /* [CP] Embed Pods Frameworks */ = {
			isa = PBXShellScriptBuildPhase;
			buildActionMask = 2147483647;
			files = (
			);
			inputPaths = (
			);
			name = "[CP] Embed Pods Frameworks";
			outputPaths = (
			);
			runOnlyForDeploymentPostprocessing = 0;
			shellPath = /bin/sh;
			shellScript = "\"${SRCROOT}/Pods/Target Support Files/Pods-DemoTests/Pods-DemoTests-frameworks.sh\"\n";
			showEnvVarsInLog = 0;
		};
/* End PBXShellScriptBuildPhase section */

/* Begin PBXSourcesBuildPhase section */
		651D14BB1C8B2D5A0069F1F8 /* Sources */ = {
			isa = PBXSourcesBuildPhase;
			buildActionMask = 2147483647;
			files = (
				651D14C51C8B2D5A0069F1F8 /* ViewController.swift in Sources */,
				651D14C31C8B2D5A0069F1F8 /* AppDelegate.swift in Sources */,
			);
			runOnlyForDeploymentPostprocessing = 0;
		};
		651D14CF1C8B2D5A0069F1F8 /* Sources */ = {
			isa = PBXSourcesBuildPhase;
			buildActionMask = 2147483647;
			files = (
				651D14D81C8B2D5A0069F1F8 /* DemoTests.swift in Sources */,
			);
			runOnlyForDeploymentPostprocessing = 0;
		};
		651D14DA1C8B2D5A0069F1F8 /* Sources */ = {
			isa = PBXSourcesBuildPhase;
			buildActionMask = 2147483647;
			files = (
				651D14E31C8B2D5A0069F1F8 /* DemoUITests.swift in Sources */,
			);
			runOnlyForDeploymentPostprocessing = 0;
		};
/* End PBXSourcesBuildPhase section */

/* Begin PBXTargetDependency section */
		651D14D51C8B2D5A0069F1F8 /* PBXTargetDependency */ = {
			isa = PBXTargetDependency;
			target = 651D14BE1C8B2D5A0069F1F8 /* Demo */;
			targetProxy = 651D14D41C8B2D5A0069F1F8 /* PBXContainerItemProxy */;
		};
		651D14E01C8B2D5A0069F1F8 /* PBXTargetDependency */ = {
			isa = PBXTargetDependency;
			target = 651D14BE1C8B2D5A0069F1F8 /* Demo */;
			targetProxy = 651D14DF1C8B2D5A0069F1F8 /* PBXContainerItemProxy */;
		};
/* End PBXTargetDependency section */

/* Begin PBXVariantGroup section */
		651D14C61C8B2D5A0069F1F8 /* Main.storyboard */ = {
			isa = PBXVariantGroup;
			children = (
				651D14C71C8B2D5A0069F1F8 /* Base */,
			);
			name = Main.storyboard;
			sourceTree = "<group>";
		};
		651D14CB1C8B2D5A0069F1F8 /* LaunchScreen.storyboard */ = {
			isa = PBXVariantGroup;
			children = (
				651D14CC1C8B2D5A0069F1F8 /* Base */,
			);
			name = LaunchScreen.storyboard;
			sourceTree = "<group>";
		};
/* End PBXVariantGroup section */

/* Begin XCBuildConfiguration section */
		651D14E51C8B2D5A0069F1F8 /* Debug */ = {
			isa = XCBuildConfiguration;
			buildSettings = {
				ALWAYS_SEARCH_USER_PATHS = NO;
				CLANG_CXX_LANGUAGE_STANDARD = "gnu++0x";
				CLANG_CXX_LIBRARY = "libc++";
				CLANG_ENABLE_MODULES = YES;
				CLANG_ENABLE_OBJC_ARC = YES;
				CLANG_WARN_BLOCK_CAPTURE_AUTORELEASING = YES;
				CLANG_WARN_BOOL_CONVERSION = YES;
				CLANG_WARN_COMMA = YES;
				CLANG_WARN_CONSTANT_CONVERSION = YES;
				CLANG_WARN_DIRECT_OBJC_ISA_USAGE = YES_ERROR;
				CLANG_WARN_EMPTY_BODY = YES;
				CLANG_WARN_ENUM_CONVERSION = YES;
				CLANG_WARN_INFINITE_RECURSION = YES;
				CLANG_WARN_INT_CONVERSION = YES;
				CLANG_WARN_NON_LITERAL_NULL_CONVERSION = YES;
				CLANG_WARN_OBJC_LITERAL_CONVERSION = YES;
				CLANG_WARN_OBJC_ROOT_CLASS = YES_ERROR;
				CLANG_WARN_RANGE_LOOP_ANALYSIS = YES;
				CLANG_WARN_STRICT_PROTOTYPES = YES;
				CLANG_WARN_SUSPICIOUS_MOVE = YES;
				CLANG_WARN_UNREACHABLE_CODE = YES;
				CLANG_WARN__DUPLICATE_METHOD_MATCH = YES;
				"CODE_SIGN_IDENTITY[sdk=iphoneos*]" = "iPhone Developer";
				COPY_PHASE_STRIP = NO;
				DEBUG_INFORMATION_FORMAT = dwarf;
				ENABLE_STRICT_OBJC_MSGSEND = YES;
				ENABLE_TESTABILITY = YES;
				GCC_C_LANGUAGE_STANDARD = gnu99;
				GCC_DYNAMIC_NO_PIC = NO;
				GCC_NO_COMMON_BLOCKS = YES;
				GCC_OPTIMIZATION_LEVEL = 0;
				GCC_PREPROCESSOR_DEFINITIONS = (
					"DEBUG=1",
					"$(inherited)",
				);
				GCC_WARN_64_TO_32_BIT_CONVERSION = YES;
				GCC_WARN_ABOUT_RETURN_TYPE = YES_ERROR;
				GCC_WARN_UNDECLARED_SELECTOR = YES;
				GCC_WARN_UNINITIALIZED_AUTOS = YES_AGGRESSIVE;
				GCC_WARN_UNUSED_FUNCTION = YES;
				GCC_WARN_UNUSED_VARIABLE = YES;
				IPHONEOS_DEPLOYMENT_TARGET = 9.2;
				MTL_ENABLE_DEBUG_INFO = YES;
				ONLY_ACTIVE_ARCH = YES;
				SDKROOT = iphoneos;
				SWIFT_OPTIMIZATION_LEVEL = "-Onone";
				SWIFT_VERSION = 4.0;
			};
			name = Debug;
		};
		651D14E61C8B2D5A0069F1F8 /* Release */ = {
			isa = XCBuildConfiguration;
			buildSettings = {
				ALWAYS_SEARCH_USER_PATHS = NO;
				CLANG_CXX_LANGUAGE_STANDARD = "gnu++0x";
				CLANG_CXX_LIBRARY = "libc++";
				CLANG_ENABLE_MODULES = YES;
				CLANG_ENABLE_OBJC_ARC = YES;
				CLANG_WARN_BLOCK_CAPTURE_AUTORELEASING = YES;
				CLANG_WARN_BOOL_CONVERSION = YES;
				CLANG_WARN_COMMA = YES;
				CLANG_WARN_CONSTANT_CONVERSION = YES;
				CLANG_WARN_DIRECT_OBJC_ISA_USAGE = YES_ERROR;
				CLANG_WARN_EMPTY_BODY = YES;
				CLANG_WARN_ENUM_CONVERSION = YES;
				CLANG_WARN_INFINITE_RECURSION = YES;
				CLANG_WARN_INT_CONVERSION = YES;
				CLANG_WARN_NON_LITERAL_NULL_CONVERSION = YES;
				CLANG_WARN_OBJC_LITERAL_CONVERSION = YES;
				CLANG_WARN_OBJC_ROOT_CLASS = YES_ERROR;
				CLANG_WARN_RANGE_LOOP_ANALYSIS = YES;
				CLANG_WARN_STRICT_PROTOTYPES = YES;
				CLANG_WARN_SUSPICIOUS_MOVE = YES;
				CLANG_WARN_UNREACHABLE_CODE = YES;
				CLANG_WARN__DUPLICATE_METHOD_MATCH = YES;
				"CODE_SIGN_IDENTITY[sdk=iphoneos*]" = "iPhone Developer";
				COPY_PHASE_STRIP = NO;
				DEBUG_INFORMATION_FORMAT = "dwarf-with-dsym";
				ENABLE_NS_ASSERTIONS = NO;
				ENABLE_STRICT_OBJC_MSGSEND = YES;
				GCC_C_LANGUAGE_STANDARD = gnu99;
				GCC_NO_COMMON_BLOCKS = YES;
				GCC_WARN_64_TO_32_BIT_CONVERSION = YES;
				GCC_WARN_ABOUT_RETURN_TYPE = YES_ERROR;
				GCC_WARN_UNDECLARED_SELECTOR = YES;
				GCC_WARN_UNINITIALIZED_AUTOS = YES_AGGRESSIVE;
				GCC_WARN_UNUSED_FUNCTION = YES;
				GCC_WARN_UNUSED_VARIABLE = YES;
				IPHONEOS_DEPLOYMENT_TARGET = 9.2;
				MTL_ENABLE_DEBUG_INFO = NO;
				SDKROOT = iphoneos;
				SWIFT_OPTIMIZATION_LEVEL = "-Owholemodule";
				SWIFT_VERSION = 4.0;
				VALIDATE_PRODUCT = YES;
			};
			name = Release;
		};
		651D14E81C8B2D5A0069F1F8 /* Debug */ = {
			isa = XCBuildConfiguration;
			baseConfigurationReference = A003C72FE70DB155A57B135C /* Pods-Demo.debug.xcconfig */;
			buildSettings = {
				ALWAYS_EMBED_SWIFT_STANDARD_LIBRARIES = "$(inherited)";
				ASSETCATALOG_COMPILER_APPICON_NAME = AppIcon;
				CODE_SIGN_STYLE = Manual;
				DEVELOPMENT_TEAM = H72GR44F4M;
				INFOPLIST_FILE = Demo/Info.plist;
				LD_RUNPATH_SEARCH_PATHS = "$(inherited) @executable_path/Frameworks";
				PRODUCT_BUNDLE_IDENTIFIER = it.fancypixel.Demo;
				PRODUCT_MODULE_NAME = Demo;
				PRODUCT_NAME = SubtleVolume;
				PROVISIONING_PROFILE = "f7168a28-8f3d-4e45-bcbd-a54a870789e7";
				PROVISIONING_PROFILE_SPECIFIER = "General Development";
				SWIFT_SWIFT3_OBJC_INFERENCE = Default;
				SWIFT_VERSION = 4.0;
				TARGETED_DEVICE_FAMILY = "1,2";
			};
			name = Debug;
		};
		651D14E91C8B2D5A0069F1F8 /* Release */ = {
			isa = XCBuildConfiguration;
			baseConfigurationReference = 01EFE441231C200E2F411327 /* Pods-Demo.release.xcconfig */;
			buildSettings = {
				ALWAYS_EMBED_SWIFT_STANDARD_LIBRARIES = "$(inherited)";
				ASSETCATALOG_COMPILER_APPICON_NAME = AppIcon;
				CODE_SIGN_STYLE = Manual;
				DEVELOPMENT_TEAM = H72GR44F4M;
				INFOPLIST_FILE = Demo/Info.plist;
				LD_RUNPATH_SEARCH_PATHS = "$(inherited) @executable_path/Frameworks";
				PRODUCT_BUNDLE_IDENTIFIER = it.fancypixel.Demo;
				PRODUCT_MODULE_NAME = Demo;
				PRODUCT_NAME = SubtleVolume;
				PROVISIONING_PROFILE = "f7168a28-8f3d-4e45-bcbd-a54a870789e7";
				PROVISIONING_PROFILE_SPECIFIER = "General Development";
				SWIFT_SWIFT3_OBJC_INFERENCE = Default;
				SWIFT_VERSION = 4.0;
				TARGETED_DEVICE_FAMILY = "1,2";
			};
			name = Release;
		};
		651D14EB1C8B2D5A0069F1F8 /* Debug */ = {
			isa = XCBuildConfiguration;
			baseConfigurationReference = 0F31BA8A2CFC2F7EB36E0D9A /* Pods-DemoTests.debug.xcconfig */;
			buildSettings = {
				BUNDLE_LOADER = "$(TEST_HOST)";
				INFOPLIST_FILE = DemoTests/Info.plist;
				LD_RUNPATH_SEARCH_PATHS = "$(inherited) @executable_path/Frameworks @loader_path/Frameworks";
				PRODUCT_BUNDLE_IDENTIFIER = it.fancypixel.DemoTests;
				PRODUCT_NAME = "$(TARGET_NAME)";
				SWIFT_SWIFT3_OBJC_INFERENCE = On;
				SWIFT_VERSION = 4.0;
				TEST_HOST = "$(BUILT_PRODUCTS_DIR)/Demo.app/Demo";
			};
			name = Debug;
		};
		651D14EC1C8B2D5A0069F1F8 /* Release */ = {
			isa = XCBuildConfiguration;
			baseConfigurationReference = 9773A999DEF09843719C4C50 /* Pods-DemoTests.release.xcconfig */;
			buildSettings = {
				BUNDLE_LOADER = "$(TEST_HOST)";
				INFOPLIST_FILE = DemoTests/Info.plist;
				LD_RUNPATH_SEARCH_PATHS = "$(inherited) @executable_path/Frameworks @loader_path/Frameworks";
				PRODUCT_BUNDLE_IDENTIFIER = it.fancypixel.DemoTests;
				PRODUCT_NAME = "$(TARGET_NAME)";
				SWIFT_SWIFT3_OBJC_INFERENCE = On;
				SWIFT_VERSION = 4.0;
				TEST_HOST = "$(BUILT_PRODUCTS_DIR)/Demo.app/Demo";
			};
			name = Release;
		};
		651D14EE1C8B2D5A0069F1F8 /* Debug */ = {
			isa = XCBuildConfiguration;
			baseConfigurationReference = A48D212430647B98DB9139C2 /* Pods-DemoUITests.debug.xcconfig */;
			buildSettings = {
				INFOPLIST_FILE = DemoUITests/Info.plist;
				LD_RUNPATH_SEARCH_PATHS = "$(inherited) @executable_path/Frameworks @loader_path/Frameworks";
				PRODUCT_BUNDLE_IDENTIFIER = it.fancypixel.DemoUITests;
				PRODUCT_NAME = "$(TARGET_NAME)";
				SWIFT_SWIFT3_OBJC_INFERENCE = On;
				SWIFT_VERSION = 4.0;
				TEST_TARGET_NAME = Demo;
				USES_XCTRUNNER = YES;
			};
			name = Debug;
		};
		651D14EF1C8B2D5A0069F1F8 /* Release */ = {
			isa = XCBuildConfiguration;
			baseConfigurationReference = 38639498761859C38981F549 /* Pods-DemoUITests.release.xcconfig */;
			buildSettings = {
				INFOPLIST_FILE = DemoUITests/Info.plist;
				LD_RUNPATH_SEARCH_PATHS = "$(inherited) @executable_path/Frameworks @loader_path/Frameworks";
				PRODUCT_BUNDLE_IDENTIFIER = it.fancypixel.DemoUITests;
				PRODUCT_NAME = "$(TARGET_NAME)";
				SWIFT_SWIFT3_OBJC_INFERENCE = On;
				SWIFT_VERSION = 4.0;
				TEST_TARGET_NAME = Demo;
				USES_XCTRUNNER = YES;
			};
			name = Release;
		};
/* End XCBuildConfiguration section */

/* Begin XCConfigurationList section */
		651D14BA1C8B2D5A0069F1F8 /* Build configuration list for PBXProject "Demo" */ = {
			isa = XCConfigurationList;
			buildConfigurations = (
				651D14E51C8B2D5A0069F1F8 /* Debug */,
				651D14E61C8B2D5A0069F1F8 /* Release */,
			);
			defaultConfigurationIsVisible = 0;
			defaultConfigurationName = Release;
		};
		651D14E71C8B2D5A0069F1F8 /* Build configuration list for PBXNativeTarget "Demo" */ = {
			isa = XCConfigurationList;
			buildConfigurations = (
				651D14E81C8B2D5A0069F1F8 /* Debug */,
				651D14E91C8B2D5A0069F1F8 /* Release */,
			);
			defaultConfigurationIsVisible = 0;
			defaultConfigurationName = Release;
		};
		651D14EA1C8B2D5A0069F1F8 /* Build configuration list for PBXNativeTarget "DemoTests" */ = {
			isa = XCConfigurationList;
			buildConfigurations = (
				651D14EB1C8B2D5A0069F1F8 /* Debug */,
				651D14EC1C8B2D5A0069F1F8 /* Release */,
			);
			defaultConfigurationIsVisible = 0;
			defaultConfigurationName = Release;
		};
		651D14ED1C8B2D5A0069F1F8 /* Build configuration list for PBXNativeTarget "DemoUITests" */ = {
			isa = XCConfigurationList;
			buildConfigurations = (
				651D14EE1C8B2D5A0069F1F8 /* Debug */,
				651D14EF1C8B2D5A0069F1F8 /* Release */,
			);
			defaultConfigurationIsVisible = 0;
			defaultConfigurationName = Release;
		};
/* End XCConfigurationList section */
	};
	rootObject = 651D14B71C8B2D5A0069F1F8 /* Project object */;
}
